{
    "requires": true,
    "lockfileVersion": 1,
    "dependencies": {
        "-": {
            "version": "0.0.1",
            "resolved": "https://registry.npmjs.org/-/-/--0.0.1.tgz",
            "integrity": "sha512-3HfneK3DGAm05fpyj20sT3apkNcvPpCuccOThOPdzz8sY7GgQGe0l93XH9bt+YzibcTIgUAIMoyVJI740RtgyQ=="
        },
        "@babel/code-frame": {
            "version": "7.16.7",
            "resolved": "https://registry.npmjs.org/@babel/code-frame/-/code-frame-7.16.7.tgz",
            "integrity": "sha512-iAXqUn8IIeBTNd72xsFlgaXHkMBMt6y4HJp1tIaK465CWLT/fG1aqB7ykr95gHHmlBdGbFeWWfyB4NJJ0nmeIg==",
            "requires": {
                "@babel/highlight": "^7.16.7"
            }
        },
        "@babel/helper-validator-identifier": {
            "version": "7.16.7",
            "resolved": "https://registry.npmjs.org/@babel/helper-validator-identifier/-/helper-validator-identifier-7.16.7.tgz",
            "integrity": "sha512-hsEnFemeiW4D08A5gUAZxLBTXpZ39P+a+DGDsHw1yxqyQ/jzFEnxf5uTEGp+3bzAbNOxU1paTgYS4ECU/IgfDw=="
        },
        "@babel/highlight": {
            "version": "7.17.12",
            "resolved": "https://registry.npmjs.org/@babel/highlight/-/highlight-7.17.12.tgz",
            "integrity": "sha512-7yykMVF3hfZY2jsHZEEgLc+3x4o1O+fYyULu11GynEUQNwB6lua+IIQn1FiJxNucd5UlyJryrwsOh8PL9Sn8Qg==",
            "requires": {
                "@babel/helper-validator-identifier": "^7.16.7",
                "chalk": "^2.0.0",
                "js-tokens": "^4.0.0"
            }
        },
        "@popperjs/core": {
            "version": "2.11.5",
            "resolved": "https://registry.npmjs.org/@popperjs/core/-/core-2.11.5.tgz",
            "integrity": "sha512-9X2obfABZuDVLCgPK9aX0a/x4jaOEweTTWE2+9sr0Qqqevj2Uv5XorvusThmc9XGYpS9yI+fhh8RTafBtGposw=="
        },
        "@types/parse-json": {
            "version": "4.0.0",
            "resolved": "https://registry.npmjs.org/@types/parse-json/-/parse-json-4.0.0.tgz",
            "integrity": "sha512-//oorEZjL6sbPcKUaCdIGlIUeH26mgzimjBB77G6XRgnDl/L5wOnpyBGRe/Mmf5CVW3PwEBE1NjiMZ/ssFh4wA=="
        },
        "ansi-styles": {
            "version": "3.2.1",
            "resolved": "https://registry.npmjs.org/ansi-styles/-/ansi-styles-3.2.1.tgz",
            "integrity": "sha512-VT0ZI6kZRdTh8YyJw3SMbYm/u+NqfsAxEpWO0Pf9sq8/e94WxxOpPKx9FR1FlyCtOVDNOQ+8ntlqFxiRc+r5qA==",
            "requires": {
                "color-convert": "^1.9.0"
            }
        },
        "autoprefixer": {
            "version": "10.4.7",
            "resolved": "https://registry.npmjs.org/autoprefixer/-/autoprefixer-10.4.7.tgz",
            "integrity": "sha512-ypHju4Y2Oav95SipEcCcI5J7CGPuvz8oat7sUtYj3ClK44bldfvtvcxK6IEK++7rqB7YchDGzweZIBG+SD0ZAA==",
            "requires": {
                "browserslist": "^4.20.3",
                "caniuse-lite": "^1.0.30001335",
                "fraction.js": "^4.2.0",
                "normalize-range": "^0.1.2",
                "picocolors": "^1.0.0",
                "postcss-value-parser": "^4.2.0"
            }
        },
        "bootstrap": {
            "version": "5.1.3",
            "resolved": "https://registry.npmjs.org/bootstrap/-/bootstrap-5.1.3.tgz",
            "integrity": "sha512-fcQztozJ8jToQWXxVuEyXWW+dSo8AiXWKwiSSrKWsRB/Qt+Ewwza+JWoLKiTuQLaEPhdNAJ7+Dosc9DOIqNy7Q=="
        },
        "browserslist": {
            "version": "4.20.4",
            "resolved": "https://registry.npmjs.org/browserslist/-/browserslist-4.20.4.tgz",
            "integrity": "sha512-ok1d+1WpnU24XYN7oC3QWgTyMhY/avPJ/r9T00xxvUOIparA/gc+UPUMaod3i+G6s+nI2nUb9xZ5k794uIwShw==",
            "requires": {
                "caniuse-lite": "^1.0.30001349",
                "electron-to-chromium": "^1.4.147",
                "escalade": "^3.1.1",
                "node-releases": "^2.0.5",
                "picocolors": "^1.0.0"
            }
        },
        "callsites": {
            "version": "3.1.0",
            "resolved": "https://registry.npmjs.org/callsites/-/callsites-3.1.0.tgz",
            "integrity": "sha512-P8BjAsXvZS+VIDUI11hHCQEv74YT67YUi5JJFNWIqL235sBmjX4+qx9Muvls5ivyNENctx46xQLQ3aTuE7ssaQ=="
        },
        "caniuse-lite": {
            "version": "1.0.30001352",
            "resolved": "https://registry.npmjs.org/caniuse-lite/-/caniuse-lite-1.0.30001352.tgz",
            "integrity": "sha512-GUgH8w6YergqPQDGWhJGt8GDRnY0L/iJVQcU3eJ46GYf52R8tk0Wxp0PymuFVZboJYXGiCqwozAYZNRjVj6IcA=="
        },
        "chalk": {
            "version": "2.4.2",
            "resolved": "https://registry.npmjs.org/chalk/-/chalk-2.4.2.tgz",
            "integrity": "sha512-Mti+f9lpJNcwF4tWV8/OrTTtF1gZi+f8FqlyAdouralcFWFQWF2+NgCHShjkCb+IFBLq9buZwE1xckQU4peSuQ==",
            "requires": {
                "ansi-styles": "^3.2.1",
                "escape-string-regexp": "^1.0.5",
                "supports-color": "^5.3.0"
            }
        },
        "color-convert": {
            "version": "1.9.3",
            "resolved": "https://registry.npmjs.org/color-convert/-/color-convert-1.9.3.tgz",
            "integrity": "sha512-QfAUtd+vFdAtFQcC8CCyYt1fYWxSqAiK2cSD6zDB8N3cpsEBAvRxp9zOGg6G/SHHJYAT88/az/IuDGALsNVbGg==",
            "requires": {
                "color-name": "1.1.3"
            }
        },
        "color-name": {
            "version": "1.1.3",
            "resolved": "https://registry.npmjs.org/color-name/-/color-name-1.1.3.tgz",
            "integrity": "sha512-72fSenhMw2HZMTVHeCA9KCmpEIbzWiQsjN+BHcBbS9vr1mtt+vJjPdksIBNUmKAW8TFUDPJK5SUU3QhE9NEXDw=="
        },
        "cosmiconfig": {
            "version": "7.0.1",
            "resolved": "https://registry.npmjs.org/cosmiconfig/-/cosmiconfig-7.0.1.tgz",
            "integrity": "sha512-a1YWNUV2HwGimB7dU2s1wUMurNKjpx60HxBB6xUM8Re+2s1g1IIfJvFR0/iCF+XHdE0GMTKTuLR32UQff4TEyQ==",
            "requires": {
                "@types/parse-json": "^4.0.0",
                "import-fresh": "^3.2.1",
                "parse-json": "^5.0.0",
                "path-type": "^4.0.0",
                "yaml": "^1.10.0"
            }
        },
        "electron-to-chromium": {
            "version": "1.4.152",
            "resolved": "https://registry.npmjs.org/electron-to-chromium/-/electron-to-chromium-1.4.152.tgz",
            "integrity": "sha512-jk4Ju5SGZAQQJ1iI4Rgru7dDlvkQPLpNPWH9gIZmwCD4YteA5Bbk1xPcPDUf5jUYs3e1e80RXdi8XgKQZaigeg=="
        },
        "error-ex": {
            "version": "1.3.2",
            "resolved": "https://registry.npmjs.org/error-ex/-/error-ex-1.3.2.tgz",
            "integrity": "sha512-7dFHNmqeFSEt2ZBsCriorKnn3Z2pj+fd9kmI6QoWw4//DL+icEBfc0U7qJCisqrTsKTjw4fNFy2pW9OqStD84g==",
            "requires": {
                "is-arrayish": "^0.2.1"
            }
        },
        "escalade": {
            "version": "3.1.1",
            "resolved": "https://registry.npmjs.org/escalade/-/escalade-3.1.1.tgz",
            "integrity": "sha512-k0er2gUkLf8O0zKJiAhmkTnJlTvINGv7ygDNPbeIsX/TJjGJZHuh9B2UxbsaEkmlEo9MfhrSzmhIlhRlI2GXnw=="
        },
        "escape-string-regexp": {
            "version": "1.0.5",
            "resolved": "https://registry.npmjs.org/escape-string-regexp/-/escape-string-regexp-1.0.5.tgz",
            "integrity": "sha512-vbRorB5FUQWvla16U8R/qgaFIya2qGzwDrNmCZuYKrbdSUMG6I1ZCGQRefkRVhuOkIGVne7BQ35DSfo1qvJqFg=="
        },
        "fraction.js": {
            "version": "4.2.0",
            "resolved": "https://registry.npmjs.org/fraction.js/-/fraction.js-4.2.0.tgz",
            "integrity": "sha512-MhLuK+2gUcnZe8ZHlaaINnQLl0xRIGRfcGk2yl8xoQAfHrSsL3rYu6FCmBdkdbhc9EPlwyGHewaRsvwRMJtAlA=="
        },
        "has-flag": {
            "version": "3.0.0",
            "resolved": "https://registry.npmjs.org/has-flag/-/has-flag-3.0.0.tgz",
            "integrity": "sha512-sKJf1+ceQBr4SMkvQnBDNDtf4TXpVhVGateu0t918bl30FnbE2m4vNLX+VWe/dpjlb+HugGYzW7uQXH98HPEYw=="
        },
        "import-fresh": {
            "version": "3.3.0",
            "resolved": "https://registry.npmjs.org/import-fresh/-/import-fresh-3.3.0.tgz",
            "integrity": "sha512-veYYhQa+D1QBKznvhUHxb8faxlrwUnxseDAbAp457E0wLNio2bOSKnjYDhMj+YiAq61xrMGhQk9iXVk5FzgQMw==",
            "requires": {
                "parent-module": "^1.0.0",
                "resolve-from": "^4.0.0"
            }
        },
        "is-arrayish": {
            "version": "0.2.1",
            "resolved": "https://registry.npmjs.org/is-arrayish/-/is-arrayish-0.2.1.tgz",
            "integrity": "sha512-zz06S8t0ozoDXMG+ube26zeCTNXcKIPJZJi8hBrF4idCLms4CG9QtK7qBl1boi5ODzFpjswb5JPmHCbMpjaYzg=="
        },
        "js-tokens": {
            "version": "4.0.0",
            "resolved": "https://registry.npmjs.org/js-tokens/-/js-tokens-4.0.0.tgz",
            "integrity": "sha512-RdJUflcE3cUzKiMqQgsCu06FPu9UdIJO0beYbPhHN4k6apgJtifcoCtT9bcxOpYBtpD2kCM6Sbzg4CausW/PKQ=="
        },
        "json-parse-even-better-errors": {
            "version": "2.3.1",
            "resolved": "https://registry.npmjs.org/json-parse-even-better-errors/-/json-parse-even-better-errors-2.3.1.tgz",
            "integrity": "sha512-xyFwyhro/JEof6Ghe2iz2NcXoj2sloNsWr/XsERDK/oiPCfaNhl5ONfp+jQdAZRQQ0IJWNzH9zIZF7li91kh2w=="
        },
        "klona": {
            "version": "2.0.5",
            "resolved": "https://registry.npmjs.org/klona/-/klona-2.0.5.tgz",
            "integrity": "sha512-pJiBpiXMbt7dkzXe8Ghj/u4FfXOOa98fPW+bihOJ4SjnoijweJrNThJfd3ifXpXhREjpoF2mZVH1GfS9LV3kHQ=="
        },
        "lines-and-columns": {
            "version": "1.2.4",
            "resolved": "https://registry.npmjs.org/lines-and-columns/-/lines-and-columns-1.2.4.tgz",
            "integrity": "sha512-7ylylesZQ/PV29jhEDl3Ufjo6ZX7gCqJr5F7PKrqc93v7fzSymt1BpwEU8nAUXs8qzzvqhbjhK5QZg6Mt/HkBg=="
        },
        "lru-cache": {
            "version": "6.0.0",
            "resolved": "https://registry.npmjs.org/lru-cache/-/lru-cache-6.0.0.tgz",
            "integrity": "sha512-Jo6dJ04CmSjuznwJSS3pUeWmd/H0ffTlkXXgwZi+eq1UCmqQwCh+eLsYOYCwY991i2Fah4h1BEMCx4qThGbsiA==",
            "requires": {
                "yallist": "^4.0.0"
            }
        },
        "node-releases": {
            "version": "2.0.5",
            "resolved": "https://registry.npmjs.org/node-releases/-/node-releases-2.0.5.tgz",
            "integrity": "sha512-U9h1NLROZTq9uE1SNffn6WuPDg8icmi3ns4rEl/oTfIle4iLjTliCzgTsbaIFMq/Xn078/lfY/BL0GWZ+psK4Q=="
        },
        "normalize-range": {
            "version": "0.1.2",
            "resolved": "https://registry.npmjs.org/normalize-range/-/normalize-range-0.1.2.tgz",
            "integrity": "sha512-bdok/XvKII3nUpklnV6P2hxtMNrCboOjAcyBuQnWEhO665FwrSNRxU+AqpsyvO6LgGYPspN+lu5CLtw4jPRKNA=="
        },
        "parent-module": {
            "version": "1.0.1",
            "resolved": "https://registry.npmjs.org/parent-module/-/parent-module-1.0.1.tgz",
            "integrity": "sha512-GQ2EWRpQV8/o+Aw8YqtfZZPfNRWZYkbidE9k5rpl/hC3vtHHBfGm2Ifi6qWV+coDGkrUKZAxE3Lot5kcsRlh+g==",
            "requires": {
                "callsites": "^3.0.0"
            }
        },
        "parse-json": {
            "version": "5.2.0",
            "resolved": "https://registry.npmjs.org/parse-json/-/parse-json-5.2.0.tgz",
            "integrity": "sha512-ayCKvm/phCGxOkYRSCM82iDwct8/EonSEgCSxWxD7ve6jHggsFl4fZVQBPRNgQoKiuV/odhFrGzQXZwbifC8Rg==",
            "requires": {
                "@babel/code-frame": "^7.0.0",
                "error-ex": "^1.3.1",
                "json-parse-even-better-errors": "^2.3.0",
                "lines-and-columns": "^1.1.6"
            }
        },
        "path-type": {
            "version": "4.0.0",
            "resolved": "https://registry.npmjs.org/path-type/-/path-type-4.0.0.tgz",
            "integrity": "sha512-gDKb8aZMDeD/tZWs9P6+q0J9Mwkdl6xMV8TjnGP3qJVJ06bdMgkbBlLU8IdfOsIsFz2BW1rNVT3XuNEl8zPAvw=="
        },
        "picocolors": {
            "version": "1.0.0",
            "resolved": "https://registry.npmjs.org/picocolors/-/picocolors-1.0.0.tgz",
            "integrity": "sha512-1fygroTLlHu66zi26VoTDv8yRgm0Fccecssto+MhsZ0D/DGW2sm8E8AjW7NU5VVTRt5GxbeZ5qBuJr+HyLYkjQ=="
        },
        "postcss-loader": {
            "version": "7.0.0",
            "resolved": "https://registry.npmjs.org/postcss-loader/-/postcss-loader-7.0.0.tgz",
            "integrity": "sha512-IDyttebFzTSY6DI24KuHUcBjbAev1i+RyICoPEWcAstZsj03r533uMXtDn506l6/wlsRYiS5XBdx7TpccCsyUg==",
            "requires": {
                "cosmiconfig": "^7.0.0",
                "klona": "^2.0.5",
                "semver": "^7.3.7"
            }
        },
        "postcss-value-parser": {
            "version": "4.2.0",
            "resolved": "https://registry.npmjs.org/postcss-value-parser/-/postcss-value-parser-4.2.0.tgz",
            "integrity": "sha512-1NNCs6uurfkVbeXG4S8JFT9t19m45ICnif8zWLd5oPSZ50QnwMfK+H3jv408d4jw/7Bttv5axS5IiHoLaVNHeQ=="
        },
        "resolve-from": {
            "version": "4.0.0",
            "resolved": "https://registry.npmjs.org/resolve-from/-/resolve-from-4.0.0.tgz",
            "integrity": "sha512-pb/MYmXstAkysRFx8piNI1tGFNQIFA3vkE3Gq4EuA1dF6gHp/+vgZqsCGJapvy8N3Q+4o7FwvquPJcnZ7RYy4g=="
        },
        "semver": {
            "version": "7.3.7",
            "resolved": "https://registry.npmjs.org/semver/-/semver-7.3.7.tgz",
            "integrity": "sha512-QlYTucUYOews+WeEujDoEGziz4K6c47V/Bd+LjSSYcA94p+DmINdf7ncaUinThfvZyu13lN9OY1XDxt8C0Tw0g==",
            "requires": {
                "lru-cache": "^6.0.0"
            }
        },
        "supports-color": {
            "version": "5.5.0",
            "resolved": "https://registry.npmjs.org/supports-color/-/supports-color-5.5.0.tgz",
            "integrity": "sha512-QjVjwdXIt408MIiAqCX4oUKsgU2EqAGzs2Ppkm4aQYbjm+ZEWEcW4SfFNTr4uMNZma0ey4f5lgLrkB0aX0QMow==",
            "requires": {
                "has-flag": "^3.0.0"
            }
        },
        "yallist": {
            "version": "4.0.0",
            "resolved": "https://registry.npmjs.org/yallist/-/yallist-4.0.0.tgz",
            "integrity": "sha512-3wdGidZyq5PB084XLES5TpOSRA3wjXAlIWMhum2kRcv/41Sn2emQ0dycQW4uZXLejwKvg6EsvbdlVL+FYEct7A=="
        },
        "yaml": {
            "version": "1.10.2",
            "resolved": "https://registry.npmjs.org/yaml/-/yaml-1.10.2.tgz",
            "integrity": "sha512-r3vXyErRCYJ7wg28yvBY5VSoAF8ZvlcW9/BwUzEtUsjvX/DKs24dIkuwjtuprwJJHsbyUbLApepYTR1BN4uHrg=="
        }
    }
}
